// !$*UTF8*$!
{
	archiveVersion = 1;
	classes = {
	};
	objectVersion = 77;
	objects = {

/* Begin PBXContainerItemProxy section */
		33EC29B32DA8A2080034592D /* PBXContainerItemProxy */ = {
			isa = PBXContainerItemProxy;
			containerPortal = 33EC299A2DA8A2080034592D /* Project object */;
			proxyType = 1;
			remoteGlobalIDString = 33EC29A12DA8A2080034592D;
			remoteInfo = GraduateAssignment;
		};
		33EC29BD2DA8A2080034592D /* PBXContainerItemProxy */ = {
			isa = PBXContainerItemProxy;
			containerPortal = 33EC299A2DA8A2080034592D /* Project object */;
			proxyType = 1;
			remoteGlobalIDString = 33EC29A12DA8A2080034592D;
			remoteInfo = GraduateAssignment;
		};
/* End PBXContainerItemProxy section */

/* Begin PBXFileReference section */
		33EC29A22DA8A2080034592D /* GraduateAssignment.app */ = {isa = PBXFileReference; explicitFileType = wrapper.application; includeInIndex = 0; path = GraduateAssignment.app; sourceTree = BUILT_PRODUCTS_DIR; };
		33EC29B22DA8A2080034592D /* GraduateAssignmentTests.xctest */ = {isa = PBXFileReference; explicitFileType = wrapper.cfbundle; includeInIndex = 0; path = GraduateAssignmentTests.xctest; sourceTree = BUILT_PRODUCTS_DIR; };
		33EC29BC2DA8A2080034592D /* GraduateAssignmentUITests.xctest */ = {isa = PBXFileReference; explicitFileType = wrapper.cfbundle; includeInIndex = 0; path = GraduateAssignmentUITests.xctest; sourceTree = BUILT_PRODUCTS_DIR; };
/* End PBXFileReference section */

/* Begin PBXFileSystemSynchronizedRootGroup section */
		33EC29A42DA8A2080034592D /* GraduateAssignment */ = {
			isa = PBXFileSystemSynchronizedRootGroup;
			path = GraduateAssignment;
			sourceTree = "<group>";
		};
		33EC29B52DA8A2080034592D /* GraduateAssignmentTests */ = {
			isa = PBXFileSystemSynchronizedRootGroup;
			path = GraduateAssignmentTests;
			sourceTree = "<group>";
		};
		33EC29BF2DA8A2080034592D /* GraduateAssignmentUITests */ = {
			isa = PBXFileSystemSynchronizedRootGroup;
			path = GraduateAssignmentUITests;
			sourceTree = "<group>";
		};
/* End PBXFileSystemSynchronizedRootGroup section */

/* Begin PBXFrameworksBuildPhase section */
		33EC299F2DA8A2080034592D /* Frameworks */ = {
			isa = PBXFrameworksBuildPhase;
			buildActionMask = 2147483647;
			files = (
			);
			runOnlyForDeploymentPostprocessing = 0;
		};
		33EC29AF2DA8A2080034592D /* Frameworks */ = {
			isa = PBXFrameworksBuildPhase;
			buildActionMask = 2147483647;
			files = (
			);
			runOnlyForDeploymentPostprocessing = 0;
		};
		33EC29B92DA8A2080034592D /* Frameworks */ = {
			isa = PBXFrameworksBuildPhase;
			buildActionMask = 2147483647;
			files = (
			);
			runOnlyForDeploymentPostprocessing = 0;
		};
/* End PBXFrameworksBuildPhase section */

/* Begin PBXGroup section */
		33EC29992DA8A2080034592D = {
			isa = PBXGroup;
			children = (
				33EC29A42DA8A2080034592D /* GraduateAssignment */,
				33EC29B52DA8A2080034592D /* GraduateAssignmentTests */,
				33EC29BF2DA8A2080034592D /* GraduateAssignmentUITests */,
				33EC29A32DA8A2080034592D /* Products */,
			);
			sourceTree = "<group>";
		};
		33EC29A32DA8A2080034592D /* Products */ = {
			isa = PBXGroup;
			children = (
				33EC29A22DA8A2080034592D /* GraduateAssignment.app */,
				33EC29B22DA8A2080034592D /* GraduateAssignmentTests.xctest */,
				33EC29BC2DA8A2080034592D /* GraduateAssignmentUITests.xctest */,
			);
			name = Products;
			sourceTree = "<group>";
		};
/* End PBXGroup section */

/* Begin PBXNativeTarget section */
		33EC29A12DA8A2080034592D /* GraduateAssignment */ = {
			isa = PBXNativeTarget;
			buildConfigurationList = 33EC29C62DA8A2080034592D /* Build configuration list for PBXNativeTarget "GraduateAssignment" */;
			buildPhases = (
				33EC299E2DA8A2080034592D /* Sources */,
				33EC299F2DA8A2080034592D /* Frameworks */,
				33EC29A02DA8A2080034592D /* Resources */,
			);
			buildRules = (
			);
			dependencies = (
			);
			fileSystemSynchronizedGroups = (
				33EC29A42DA8A2080034592D /* GraduateAssignment */,
			);
			name = GraduateAssignment;
			packageProductDependencies = (
			);
			productName = GraduateAssignment;
			productReference = 33EC29A22DA8A2080034592D /* GraduateAssignment.app */;
			productType = "com.apple.product-type.application";
		};
		33EC29B12DA8A2080034592D /* GraduateAssignmentTests */ = {
			isa = PBXNativeTarget;
			buildConfigurationList = 33EC29C92DA8A2080034592D /* Build configuration list for PBXNativeTarget "GraduateAssignmentTests" */;
			buildPhases = (
				33EC29AE2DA8A2080034592D /* Sources */,
				33EC29AF2DA8A2080034592D /* Frameworks */,
				33EC29B02DA8A2080034592D /* Resources */,
			);
			buildRules = (
			);
			dependencies = (
				33EC29B42DA8A2080034592D /* PBXTargetDependency */,
			);
			fileSystemSynchronizedGroups = (
				33EC29B52DA8A2080034592D /* GraduateAssignmentTests */,
			);
			name = GraduateAssignmentTests;
			packageProductDependencies = (
			);
			productName = GraduateAssignmentTests;
			productReference = 33EC29B22DA8A2080034592D /* GraduateAssignmentTests.xctest */;
			productType = "com.apple.product-type.bundle.unit-test";
		};
		33EC29BB2DA8A2080034592D /* GraduateAssignmentUITests */ = {
			isa = PBXNativeTarget;
			buildConfigurationList = 33EC29CC2DA8A2080034592D /* Build configuration list for PBXNativeTarget "GraduateAssignmentUITests" */;
			buildPhases = (
				33EC29B82DA8A2080034592D /* Sources */,
				33EC29B92DA8A2080034592D /* Frameworks */,
				33EC29BA2DA8A2080034592D /* Resources */,
			);
			buildRules = (
			);
			dependencies = (
				33EC29BE2DA8A2080034592D /* PBXTargetDependency */,
			);
			fileSystemSynchronizedGroups = (
				33EC29BF2DA8A2080034592D /* GraduateAssignmentUITests */,
			);
			name = GraduateAssignmentUITests;
			packageProductDependencies = (
			);
			productName = GraduateAssignmentUITests;
			productReference = 33EC29BC2DA8A2080034592D /* GraduateAssignmentUITests.xctest */;
			productType = "com.apple.product-type.bundle.ui-testing";
		};
/* End PBXNativeTarget section */

/* Begin PBXProject section */
		33EC299A2DA8A2080034592D /* Project object */ = {
			isa = PBXProject;
			attributes = {
				BuildIndependentTargetsInParallel = 1;
				LastSwiftUpdateCheck = 1620;
				LastUpgradeCheck = 1620;
				TargetAttributes = {
					33EC29A12DA8A2080034592D = {
						CreatedOnToolsVersion = 16.2;
					};
					33EC29B12DA8A2080034592D = {
						CreatedOnToolsVersion = 16.2;
						TestTargetID = 33EC29A12DA8A2080034592D;
					};
					33EC29BB2DA8A2080034592D = {
						CreatedOnToolsVersion = 16.2;
						TestTargetID = 33EC29A12DA8A2080034592D;
					};
				};
			};
			buildConfigurationList = 33EC299D2DA8A2080034592D /* Build configuration list for PBXProject "GraduateAssignment" */;
			developmentRegion = en;
			hasScannedForEncodings = 0;
			knownRegions = (
				en,
				Base,
			);
			mainGroup = 33EC29992DA8A2080034592D;
			minimizedProjectReferenceProxies = 1;
			preferredProjectObjectVersion = 77;
			productRefGroup = 33EC29A32DA8A2080034592D /* Products */;
			projectDirPath = "";
			projectRoot = "";
			targets = (
				33EC29A12DA8A2080034592D /* GraduateAssignment */,
				33EC29B12DA8A2080034592D /* GraduateAssignmentTests */,
				33EC29BB2DA8A2080034592D /* GraduateAssignmentUITests */,
			);
		};
/* End PBXProject section */

/* Begin PBXResourcesBuildPhase section */
		33EC29A02DA8A2080034592D /* Resources */ = {
			isa = PBXResourcesBuildPhase;
			buildActionMask = 2147483647;
			files = (
			);
			runOnlyForDeploymentPostprocessing = 0;
		};
		33EC29B02DA8A2080034592D /* Resources */ = {
			isa = PBXResourcesBuildPhase;
			buildActionMask = 2147483647;
			files = (
			);
			runOnlyForDeploymentPostprocessing = 0;
		};
		33EC29BA2DA8A2080034592D /* Resources */ = {
			isa = PBXResourcesBuildPhase;
			buildActionMask = 2147483647;
			files = (
			);
			runOnlyForDeploymentPostprocessing = 0;
		};
/* End PBXResourcesBuildPhase section */

/* Begin PBXSourcesBuildPhase section */
		33EC299E2DA8A2080034592D /* Sources */ = {
			isa = PBXSourcesBuildPhase;
			buildActionMask = 2147483647;
			files = (
			);
			runOnlyForDeploymentPostprocessing = 0;
		};
		33EC29AE2DA8A2080034592D /* Sources */ = {
			isa = PBXSourcesBuildPhase;
			buildActionMask = 2147483647;
			files = (
			);
			runOnlyForDeploymentPostprocessing = 0;
		};
		33EC29B82DA8A2080034592D /* Sources */ = {
			isa = PBXSourcesBuildPhase;
			buildActionMask = 2147483647;
			files = (
			);
			runOnlyForDeploymentPostprocessing = 0;
		};
/* End PBXSourcesBuildPhase section */

/* Begin PBXTargetDependency section */
		33EC29B42DA8A2080034592D /* PBXTargetDependency */ = {
			isa = PBXTargetDependency;
			target = 33EC29A12DA8A2080034592D /* GraduateAssignment */;
			targetProxy = 33EC29B32DA8A2080034592D /* PBXContainerItemProxy */;
		};
		33EC29BE2DA8A2080034592D /* PBXTargetDependency */ = {
			isa = PBXTargetDependency;
			target = 33EC29A12DA8A2080034592D /* GraduateAssignment */;
			targetProxy = 33EC29BD2DA8A2080034592D /* PBXContainerItemProxy */;
		};
/* End PBXTargetDependency section */

/* Begin XCBuildConfiguration section */
		33EC29C42DA8A2080034592D /* Debug */ = {
			isa = XCBuildConfiguration;
			buildSettings = {
				ALWAYS_SEARCH_USER_PATHS = NO;
				ASSETCATALOG_COMPILER_GENERATE_SWIFT_ASSET_SYMBOL_EXTENSIONS = YES;
				CLANG_ANALYZER_NONNULL = YES;
				CLANG_ANALYZER_NUMBER_OBJECT_CONVERSION = YES_AGGRESSIVE;
				CLANG_CXX_LANGUAGE_STANDARD = "gnu++20";
				CLANG_ENABLE_MODULES = YES;
				CLANG_ENABLE_OBJC_ARC = YES;
				CLANG_ENABLE_OBJC_WEAK = YES;
				CLANG_WARN_BLOCK_CAPTURE_AUTORELEASING = YES;
				CLANG_WARN_BOOL_CONVERSION = YES;
				CLANG_WARN_COMMA = YES;
				CLANG_WARN_CONSTANT_CONVERSION = YES;
				CLANG_WARN_DEPRECATED_OBJC_IMPLEMENTATIONS = YES;
				CLANG_WARN_DIRECT_OBJC_ISA_USAGE = YES_ERROR;
				CLANG_WARN_DOCUMENTATION_COMMENTS = YES;
				CLANG_WARN_EMPTY_BODY = YES;
				CLANG_WARN_ENUM_CONVERSION = YES;
				CLANG_WARN_INFINITE_RECURSION = YES;
				CLANG_WARN_INT_CONVERSION = YES;
				CLANG_WARN_NON_LITERAL_NULL_CONVERSION = YES;
				CLANG_WARN_OBJC_IMPLICIT_RETAIN_SELF = YES;
				CLANG_WARN_OBJC_LITERAL_CONVERSION = YES;
				CLANG_WARN_OBJC_ROOT_CLASS = YES_ERROR;
				CLANG_WARN_QUOTED_INCLUDE_IN_FRAMEWORK_HEADER = YES;
				CLANG_WARN_RANGE_LOOP_ANALYSIS = YES;
				CLANG_WARN_STRICT_PROTOTYPES = YES;
				CLANG_WARN_SUSPICIOUS_MOVE = YES;
				CLANG_WARN_UNGUARDED_AVAILABILITY = YES_AGGRESSIVE;
				CLANG_WARN_UNREACHABLE_CODE = YES;
				CLANG_WARN__DUPLICATE_METHOD_MATCH = YES;
				COPY_PHASE_STRIP = NO;
				DEBUG_INFORMATION_FORMAT = dwarf;
				ENABLE_STRICT_OBJC_MSGSEND = YES;
				ENABLE_TESTABILITY = YES;
				ENABLE_USER_SCRIPT_SANDBOXING = YES;
				GCC_C_LANGUAGE_STANDARD = gnu17;
				GCC_DYNAMIC_NO_PIC = NO;
				GCC_NO_COMMON_BLOCKS = YES;
				GCC_OPTIMIZATION_LEVEL = 0;
				GCC_PREPROCESSOR_DEFINITIONS = (
					"DEBUG=1",
					"$(inherited)",
				);
				GCC_WARN_64_TO_32_BIT_CONVERSION = YES;
				GCC_WARN_ABOUT_RETURN_TYPE = YES_ERROR;
				GCC_WARN_UNDECLARED_SELECTOR = YES;
				GCC_WARN_UNINITIALIZED_AUTOS = YES_AGGRESSIVE;
				GCC_WARN_UNUSED_FUNCTION = YES;
				GCC_WARN_UNUSED_VARIABLE = YES;
				IPHONEOS_DEPLOYMENT_TARGET = 18.2;
				LOCALIZATION_PREFERS_STRING_CATALOGS = YES;
				MTL_ENABLE_DEBUG_INFO = INCLUDE_SOURCE;
				MTL_FAST_MATH = YES;
				ONLY_ACTIVE_ARCH = YES;
				SDKROOT = iphoneos;
				SWIFT_ACTIVE_COMPILATION_CONDITIONS = "DEBUG $(inherited)";
				SWIFT_OPTIMIZATION_LEVEL = "-Onone";
			};
			name = Debug;
		};
		33EC29C52DA8A2080034592D /* Release */ = {
			isa = XCBuildConfiguration;
			buildSettings = {
				ALWAYS_SEARCH_USER_PATHS = NO;
				ASSETCATALOG_COMPILER_GENERATE_SWIFT_ASSET_SYMBOL_EXTENSIONS = YES;
				CLANG_ANALYZER_NONNULL = YES;
				CLANG_ANALYZER_NUMBER_OBJECT_CONVERSION = YES_AGGRESSIVE;
				CLANG_CXX_LANGUAGE_STANDARD = "gnu++20";
				CLANG_ENABLE_MODULES = YES;
				CLANG_ENABLE_OBJC_ARC = YES;
				CLANG_ENABLE_OBJC_WEAK = YES;
				CLANG_WARN_BLOCK_CAPTURE_AUTORELEASING = YES;
				CLANG_WARN_BOOL_CONVERSION = YES;
				CLANG_WARN_COMMA = YES;
				CLANG_WARN_CONSTANT_CONVERSION = YES;
				CLANG_WARN_DEPRECATED_OBJC_IMPLEMENTATIONS = YES;
				CLANG_WARN_DIRECT_OBJC_ISA_USAGE = YES_ERROR;
				CLANG_WARN_DOCUMENTATION_COMMENTS = YES;
				CLANG_WARN_EMPTY_BODY = YES;
				CLANG_WARN_ENUM_CONVERSION = YES;
				CLANG_WARN_INFINITE_RECURSION = YES;
				CLANG_WARN_INT_CONVERSION = YES;
				CLANG_WARN_NON_LITERAL_NULL_CONVERSION = YES;
				CLANG_WARN_OBJC_IMPLICIT_RETAIN_SELF = YES;
				CLANG_WARN_OBJC_LITERAL_CONVERSION = YES;
				CLANG_WARN_OBJC_ROOT_CLASS = YES_ERROR;
				CLANG_WARN_QUOTED_INCLUDE_IN_FRAMEWORK_HEADER = YES;
				CLANG_WARN_RANGE_LOOP_ANALYSIS = YES;
				CLANG_WARN_STRICT_PROTOTYPES = YES;
				CLANG_WARN_SUSPICIOUS_MOVE = YES;
				CLANG_WARN_UNGUARDED_AVAILABILITY = YES_AGGRESSIVE;
				CLANG_WARN_UNREACHABLE_CODE = YES;
				CLANG_WARN__DUPLICATE_METHOD_MATCH = YES;
				COPY_PHASE_STRIP = NO;
				DEBUG_INFORMATION_FORMAT = "dwarf-with-dsym";
				ENABLE_NS_ASSERTIONS = NO;
				ENABLE_STRICT_OBJC_MSGSEND = YES;
				ENABLE_USER_SCRIPT_SANDBOXING = YES;
				GCC_C_LANGUAGE_STANDARD = gnu17;
				GCC_NO_COMMON_BLOCKS = YES;
				GCC_WARN_64_TO_32_BIT_CONVERSION = YES;
				GCC_WARN_ABOUT_RETURN_TYPE = YES_ERROR;
				GCC_WARN_UNDECLARED_SELECTOR = YES;
				GCC_WARN_UNINITIALIZED_AUTOS = YES_AGGRESSIVE;
				GCC_WARN_UNUSED_FUNCTION = YES;
				GCC_WARN_UNUSED_VARIABLE = YES;
				IPHONEOS_DEPLOYMENT_TARGET = 18.2;
				LOCALIZATION_PREFERS_STRING_CATALOGS = YES;
				MTL_ENABLE_DEBUG_INFO = NO;
				MTL_FAST_MATH = YES;
				SDKROOT = iphoneos;
				SWIFT_COMPILATION_MODE = wholemodule;
				VALIDATE_PRODUCT = YES;
			};
			name = Release;
		};
		33EC29C72DA8A2080034592D /* Debug */ = {
			isa = XCBuildConfiguration;
			buildSettings = {
				ASSETCATALOG_COMPILER_APPICON_NAME = AppIcon;
				ASSETCATALOG_COMPILER_GLOBAL_ACCENT_COLOR_NAME = AccentColor;
				CODE_SIGN_STYLE = Automatic;
				CURRENT_PROJECT_VERSION = 1;
				DEVELOPMENT_ASSET_PATHS = "\"GraduateAssignment/Preview Content\"";
				ENABLE_PREVIEWS = YES;
				GENERATE_INFOPLIST_FILE = YES;
				INFOPLIST_KEY_UIApplicationSceneManifest_Generation = YES;
				INFOPLIST_KEY_UIApplicationSupportsIndirectInputEvents = YES;
				INFOPLIST_KEY_UILaunchScreen_Generation = YES;
				INFOPLIST_KEY_UISupportedInterfaceOrientations_iPad = "UIInterfaceOrientationPortrait UIInterfaceOrientationPortraitUpsideDown UIInterfaceOrientationLandscapeLeft UIInterfaceOrientationLandscapeRight";
				INFOPLIST_KEY_UISupportedInterfaceOrientations_iPhone = "UIInterfaceOrientationPortrait UIInterfaceOrientationLandscapeLeft UIInterfaceOrientationLandscapeRight";
				LD_RUNPATH_SEARCH_PATHS = (
					"$(inherited)",
					"@executable_path/Frameworks",
				);
				MARKETING_VERSION = 1.0;
				PRODUCT_BUNDLE_IDENTIFIER = ModelEvaluation.GraduateAssignment;
				PRODUCT_NAME = "$(TARGET_NAME)";
				SWIFT_EMIT_LOC_STRINGS = YES;
				SWIFT_VERSION = 5.0;
				TARGETED_DEVICE_FAMILY = "1,2";
			};
			name = Debug;
		};
		33EC29C82DA8A2080034592D /* Release */ = {
			isa = XCBuildConfiguration;
			buildSettings = {
				ASSETCATALOG_COMPILER_APPICON_NAME = AppIcon;
				ASSETCATALOG_COMPILER_GLOBAL_ACCENT_COLOR_NAME = AccentColor;
				CODE_SIGN_STYLE = Automatic;
				CURRENT_PROJECT_VERSION = 1;
				DEVELOPMENT_ASSET_PATHS = "\"GraduateAssignment/Preview Content\"";
				ENABLE_PREVIEWS = YES;
				GENERATE_INFOPLIST_FILE = YES;
				INFOPLIST_KEY_UIApplicationSceneManifest_Generation = YES;
				INFOPLIST_KEY_UIApplicationSupportsIndirectInputEvents = YES;
				INFOPLIST_KEY_UILaunchScreen_Generation = YES;
				INFOPLIST_KEY_UISupportedInterfaceOrientations_iPad = "UIInterfaceOrientationPortrait UIInterfaceOrientationPortraitUpsideDown UIInterfaceOrientationLandscapeLeft UIInterfaceOrientationLandscapeRight";
				INFOPLIST_KEY_UISupportedInterfaceOrientations_iPhone = "UIInterfaceOrientationPortrait UIInterfaceOrientationLandscapeLeft UIInterfaceOrientationLandscapeRight";
				LD_RUNPATH_SEARCH_PATHS = (
					"$(inherited)",
					"@executable_path/Frameworks",
				);
				MARKETING_VERSION = 1.0;
				PRODUCT_BUNDLE_IDENTIFIER = ModelEvaluation.GraduateAssignment;
				PRODUCT_NAME = "$(TARGET_NAME)";
				SWIFT_EMIT_LOC_STRINGS = YES;
				SWIFT_VERSION = 5.0;
				TARGETED_DEVICE_FAMILY = "1,2";
			};
			name = Release;
		};
		33EC29CA2DA8A2080034592D /* Debug */ = {
			isa = XCBuildConfiguration;
			buildSettings = {
				BUNDLE_LOADER = "$(TEST_HOST)";
				CODE_SIGN_STYLE = Automatic;
				CURRENT_PROJECT_VERSION = 1;
				GENERATE_INFOPLIST_FILE = YES;
				IPHONEOS_DEPLOYMENT_TARGET = 18.2;
				MARKETING_VERSION = 1.0;
				PRODUCT_BUNDLE_IDENTIFIER = ModelEvaluation.GraduateAssignmentTests;
				PRODUCT_NAME = "$(TARGET_NAME)";
				SWIFT_EMIT_LOC_STRINGS = NO;
				SWIFT_VERSION = 5.0;
				TARGETED_DEVICE_FAMILY = "1,2";
				TEST_HOST = "$(BUILT_PRODUCTS_DIR)/GraduateAssignment.app/$(BUNDLE_EXECUTABLE_FOLDER_PATH)/GraduateAssignment";
			};
			name = Debug;
		};
		33EC29CB2DA8A2080034592D /* Release */ = {
			isa = XCBuildConfiguration;
			buildSettings = {
				BUNDLE_LOADER = "$(TEST_HOST)";
				CODE_SIGN_STYLE = Automatic;
				CURRENT_PROJECT_VERSION = 1;
				GENERATE_INFOPLIST_FILE = YES;
				IPHONEOS_DEPLOYMENT_TARGET = 18.2;
				MARKETING_VERSION = 1.0;
				PRODUCT_BUNDLE_IDENTIFIER = ModelEvaluation.GraduateAssignmentTests;
				PRODUCT_NAME = "$(TARGET_NAME)";
				SWIFT_EMIT_LOC_STRINGS = NO;
				SWIFT_VERSION = 5.0;
				TARGETED_DEVICE_FAMILY = "1,2";
				TEST_HOST = "$(BUILT_PRODUCTS_DIR)/GraduateAssignment.app/$(BUNDLE_EXECUTABLE_FOLDER_PATH)/GraduateAssignment";
			};
			name = Release;
		};
		33EC29CD2DA8A2080034592D /* Debug */ = {
			isa = XCBuildConfiguration;
			buildSettings = {
				CODE_SIGN_STYLE = Automatic;
				CURRENT_PROJECT_VERSION = 1;
				GENERATE_INFOPLIST_FILE = YES;
				MARKETING_VERSION = 1.0;
				PRODUCT_BUNDLE_IDENTIFIER = ModelEvaluation.GraduateAssignmentUITests;
				PRODUCT_NAME = "$(TARGET_NAME)";
				SWIFT_EMIT_LOC_STRINGS = NO;
				SWIFT_VERSION = 5.0;
				TARGETED_DEVICE_FAMILY = "1,2";
				TEST_TARGET_NAME = GraduateAssignment;
			};
			name = Debug;
		};
		33EC29CE2DA8A2080034592D /* Release */ = {
			isa = XCBuildConfiguration;
			buildSettings = {
				CODE_SIGN_STYLE = Automatic;
				CURRENT_PROJECT_VERSION = 1;
				GENERATE_INFOPLIST_FILE = YES;
				MARKETING_VERSION = 1.0;
				PRODUCT_BUNDLE_IDENTIFIER = ModelEvaluation.GraduateAssignmentUITests;
				PRODUCT_NAME = "$(TARGET_NAME)";
				SWIFT_EMIT_LOC_STRINGS = NO;
				SWIFT_VERSION = 5.0;
				TARGETED_DEVICE_FAMILY = "1,2";
				TEST_TARGET_NAME = GraduateAssignment;
			};
			name = Release;
		};
/* End XCBuildConfiguration section */

/* Begin XCConfigurationList section */
		33EC299D2DA8A2080034592D /* Build configuration list for PBXProject "GraduateAssignment" */ = {
			isa = XCConfigurationList;
			buildConfigurations = (
				33EC29C42DA8A2080034592D /* Debug */,
				33EC29C52DA8A2080034592D /* Release */,
			);
			defaultConfigurationIsVisible = 0;
			defaultConfigurationName = Release;
		};
		33EC29C62DA8A2080034592D /* Build configuration list for PBXNativeTarget "GraduateAssignment" */ = {
			isa = XCConfigurationList;
			buildConfigurations = (
				33EC29C72DA8A2080034592D /* Debug */,
				33EC29C82DA8A2080034592D /* Release */,
			);
			defaultConfigurationIsVisible = 0;
			defaultConfigurationName = Release;
		};
		33EC29C92DA8A2080034592D /* Build configuration list for PBXNativeTarget "GraduateAssignmentTests" */ = {
			isa = XCConfigurationList;
			buildConfigurations = (
				33EC29CA2DA8A2080034592D /* Debug */,
				33EC29CB2DA8A2080034592D /* Release */,
			);
			defaultConfigurationIsVisible = 0;
			defaultConfigurationName = Release;
		};
		33EC29CC2DA8A2080034592D /* Build configuration list for PBXNativeTarget "GraduateAssignmentUITests" */ = {
			isa = XCConfigurationList;
			buildConfigurations = (
				33EC29CD2DA8A2080034592D /* Debug */,
				33EC29CE2DA8A2080034592D /* Release */,
			);
			defaultConfigurationIsVisible = 0;
			defaultConfigurationName = Release;
		};
/* End XCConfigurationList section */
	};
	rootObject = 33EC299A2DA8A2080034592D /* Project object */;
}
